
Microsoft Visual Studio Solution File, Format Version 12.00
# Visual Studio Version 17
VisualStudioVersion = 17.5.002.0
MinimumVisualStudioVersion = 10.0.40219.1
Project("{2150E333-8FDC-42A3-9474-1A3956D46DE8}") = "dotnet", "dotnet", "{CB1D23B5-1483-4639-AEAC-9A7FDA183781}"
EndProject
Project("{9A19103F-16F7-4668-BE54-9A1E7A4F7556}") = "metric-instr", "dotnet\metric-instr\metric-instr.csproj", "{BBF27CBE-F906-4282-A937-32B1D47B7BC0}"
EndProject
Global
	GlobalSection(SolutionConfigurationPlatforms) = preSolution
		Debug|Any CPU = Debug|Any CPU
		Release|Any CPU = Release|Any CPU
	EndGlobalSection
	GlobalSection(ProjectConfigurationPlatforms) = postSolution
		{BBF27CBE-F906-4282-A937-32B1D47B7BC0}.Debug|Any CPU.ActiveCfg = Debug|Any CPU
		{BBF27CBE-F906-4282-A937-32B1D47B7BC0}.Debug|Any CPU.Build.0 = Debug|Any CPU
		{BBF27CBE-F906-4282-A937-32B1D47B7BC0}.Release|Any CPU.ActiveCfg = Release|Any CPU
		{BBF27CBE-F906-4282-A937-32B1D47B7BC0}.Release|Any CPU.Build.0 = Release|Any CPU
	EndGlobalSection
	GlobalSection(SolutionProperties) = preSolution
		HideSolutionNode = FALSE
	EndGlobalSection
	GlobalSection(NestedProjects) = preSolution
		{BBF27CBE-F906-4282-A937-32B1D47B7BC0} = {CB1D23B5-1483-4639-AEAC-9A7FDA183781}
	EndGlobalSection
	GlobalSection(ExtensibilityGlobals) = postSolution
		SolutionGuid = {DEEC0655-0085-4FDD-BD9B-390601DB405C}
	EndGlobalSection
EndGlobal
